
Microsoft Visual Studio Solution File, Format Version 12.00
# Visual Studio 15
VisualStudioVersion = 15.0.26403.7
MinimumVisualStudioVersion = 10.0.40219.1
Project("{FAE04EC0-301F-11D3-BF4B-00C04F79EFBC}") = "TrafficSimulation", "TrafficSimulation\TrafficSimulation.csproj", "{C0E77E0F-6A3C-4F42-B6A0-28C81254AAA9}"
EndProject
Project("{2150E333-8FDC-42A3-9474-1A3956D46DE8}") = "Simulation", "Simulation", "{CD5C9E9C-5E16-4EE1-A147-3A323169FD3F}"
EndProject
Project("{2150E333-8FDC-42A3-9474-1A3956D46DE8}") = "GUI", "GUI", "{9634841A-9236-47E4-8377-09E20659D54F}"
EndProject
Project("{2150E333-8FDC-42A3-9474-1A3956D46DE8}") = "DataAccess", "DataAccess", "{9D20ACFD-85FA-4948-B7ED-692EC32FDB02}"
EndProject
Project("{2150E333-8FDC-42A3-9474-1A3956D46DE8}") = "RuleEngine", "RuleEngine", "{29FBE110-3BBF-4034-B2D1-5C7A2D3FD180}"
EndProject
Project("{FAE04EC0-301F-11D3-BF4B-00C04F79EFBC}") = "DataBridge", "DataBridge\DataBridge.csproj", "{340107C2-A376-454F-8E21-4FFE995A8EBA}"
EndProject
Project("{FAE04EC0-301F-11D3-BF4B-00C04F79EFBC}") = "AgentSim", "AgentSim\AgentSim.csproj", "{1337D396-7F97-46CE-B758-4BD1F5633C51}"
EndProject
Project("{FAE04EC0-301F-11D3-BF4B-00C04F79EFBC}") = "DataBridgeTest", "UnitTestProject1\DataBridgeTest.csproj", "{7B516A7C-E74E-4CD0-ABC3-CB51435ED7B8}"
EndProject
Project("{FAE04EC0-301F-11D3-BF4B-00C04F79EFBC}") = "DataManager", "DataManager\DataManager.csproj", "{881C36AE-1F5F-4688-8C1C-8F2D8E9C1EA9}"
EndProject
Project("{FAE04EC0-301F-11D3-BF4B-00C04F79EFBC}") = "PhysicEngine", "PhysicEngine\PhysicEngine.csproj", "{EB6B7F7C-80BE-4D17-8A81-58FDF3D3E335}"
EndProject
Project("{FAE04EC0-301F-11D3-BF4B-00C04F79EFBC}") = "AgentSpawner", "AgentSpawner\AgentSpawner.csproj", "{F2D71CB8-4198-4FE0-8260-D55F7497351A}"
EndProject
Project("{FAE04EC0-301F-11D3-BF4B-00C04F79EFBC}") = "Watchdog", "Watchdog\Watchdog.csproj", "{9ADD1319-C297-431E-9642-D4F4D6342F8B}"
EndProject
Global
	GlobalSection(SolutionConfigurationPlatforms) = preSolution
		Debug|Any CPU = Debug|Any CPU
		Release|Any CPU = Release|Any CPU
	EndGlobalSection
	GlobalSection(ProjectConfigurationPlatforms) = postSolution
		{C0E77E0F-6A3C-4F42-B6A0-28C81254AAA9}.Debug|Any CPU.ActiveCfg = Debug|Any CPU
		{C0E77E0F-6A3C-4F42-B6A0-28C81254AAA9}.Debug|Any CPU.Build.0 = Debug|Any CPU
		{C0E77E0F-6A3C-4F42-B6A0-28C81254AAA9}.Release|Any CPU.ActiveCfg = Release|Any CPU
		{C0E77E0F-6A3C-4F42-B6A0-28C81254AAA9}.Release|Any CPU.Build.0 = Release|Any CPU
		{340107C2-A376-454F-8E21-4FFE995A8EBA}.Debug|Any CPU.ActiveCfg = Debug|Any CPU
		{340107C2-A376-454F-8E21-4FFE995A8EBA}.Debug|Any CPU.Build.0 = Debug|Any CPU
		{340107C2-A376-454F-8E21-4FFE995A8EBA}.Release|Any CPU.ActiveCfg = Release|Any CPU
		{340107C2-A376-454F-8E21-4FFE995A8EBA}.Release|Any CPU.Build.0 = Release|Any CPU
		{1337D396-7F97-46CE-B758-4BD1F5633C51}.Debug|Any CPU.ActiveCfg = Debug|Any CPU
		{1337D396-7F97-46CE-B758-4BD1F5633C51}.Debug|Any CPU.Build.0 = Debug|Any CPU
		{1337D396-7F97-46CE-B758-4BD1F5633C51}.Release|Any CPU.ActiveCfg = Release|Any CPU
		{1337D396-7F97-46CE-B758-4BD1F5633C51}.Release|Any CPU.Build.0 = Release|Any CPU
		{7B516A7C-E74E-4CD0-ABC3-CB51435ED7B8}.Debug|Any CPU.ActiveCfg = Debug|Any CPU
		{7B516A7C-E74E-4CD0-ABC3-CB51435ED7B8}.Debug|Any CPU.Build.0 = Debug|Any CPU
		{7B516A7C-E74E-4CD0-ABC3-CB51435ED7B8}.Release|Any CPU.ActiveCfg = Release|Any CPU
		{7B516A7C-E74E-4CD0-ABC3-CB51435ED7B8}.Release|Any CPU.Build.0 = Release|Any CPU
		{881C36AE-1F5F-4688-8C1C-8F2D8E9C1EA9}.Debug|Any CPU.ActiveCfg = Debug|Any CPU
		{881C36AE-1F5F-4688-8C1C-8F2D8E9C1EA9}.Debug|Any CPU.Build.0 = Debug|Any CPU
		{881C36AE-1F5F-4688-8C1C-8F2D8E9C1EA9}.Release|Any CPU.ActiveCfg = Release|Any CPU
		{881C36AE-1F5F-4688-8C1C-8F2D8E9C1EA9}.Release|Any CPU.Build.0 = Release|Any CPU
		{EB6B7F7C-80BE-4D17-8A81-58FDF3D3E335}.Debug|Any CPU.ActiveCfg = Debug|Any CPU
		{EB6B7F7C-80BE-4D17-8A81-58FDF3D3E335}.Debug|Any CPU.Build.0 = Debug|Any CPU
		{EB6B7F7C-80BE-4D17-8A81-58FDF3D3E335}.Release|Any CPU.ActiveCfg = Release|Any CPU
		{EB6B7F7C-80BE-4D17-8A81-58FDF3D3E335}.Release|Any CPU.Build.0 = Release|Any CPU
		{F2D71CB8-4198-4FE0-8260-D55F7497351A}.Debug|Any CPU.ActiveCfg = Debug|Any CPU
		{F2D71CB8-4198-4FE0-8260-D55F7497351A}.Debug|Any CPU.Build.0 = Debug|Any CPU
		{F2D71CB8-4198-4FE0-8260-D55F7497351A}.Release|Any CPU.ActiveCfg = Release|Any CPU
		{F2D71CB8-4198-4FE0-8260-D55F7497351A}.Release|Any CPU.Build.0 = Release|Any CPU
		{9ADD1319-C297-431E-9642-D4F4D6342F8B}.Debug|Any CPU.ActiveCfg = Debug|Any CPU
		{9ADD1319-C297-431E-9642-D4F4D6342F8B}.Debug|Any CPU.Build.0 = Debug|Any CPU
		{9ADD1319-C297-431E-9642-D4F4D6342F8B}.Release|Any CPU.ActiveCfg = Release|Any CPU
		{9ADD1319-C297-431E-9642-D4F4D6342F8B}.Release|Any CPU.Build.0 = Release|Any CPU
	EndGlobalSection
	GlobalSection(SolutionProperties) = preSolution
		HideSolutionNode = FALSE
	EndGlobalSection
	GlobalSection(NestedProjects) = preSolution
		{C0E77E0F-6A3C-4F42-B6A0-28C81254AAA9} = {CD5C9E9C-5E16-4EE1-A147-3A323169FD3F}
		{340107C2-A376-454F-8E21-4FFE995A8EBA} = {9D20ACFD-85FA-4948-B7ED-692EC32FDB02}
		{1337D396-7F97-46CE-B758-4BD1F5633C51} = {CD5C9E9C-5E16-4EE1-A147-3A323169FD3F}
		{7B516A7C-E74E-4CD0-ABC3-CB51435ED7B8} = {9D20ACFD-85FA-4948-B7ED-692EC32FDB02}
		{881C36AE-1F5F-4688-8C1C-8F2D8E9C1EA9} = {CD5C9E9C-5E16-4EE1-A147-3A323169FD3F}
		{EB6B7F7C-80BE-4D17-8A81-58FDF3D3E335} = {CD5C9E9C-5E16-4EE1-A147-3A323169FD3F}
		{F2D71CB8-4198-4FE0-8260-D55F7497351A} = {CD5C9E9C-5E16-4EE1-A147-3A323169FD3F}
		{9ADD1319-C297-431E-9642-D4F4D6342F8B} = {CD5C9E9C-5E16-4EE1-A147-3A323169FD3F}
	EndGlobalSection
EndGlobal
