
Microsoft Visual Studio Solution File, Format Version 12.00
# Visual Studio 14
VisualStudioVersion = 14.0.25420.1
MinimumVisualStudioVersion = 10.0.40219.1
Project("{FAE04EC0-301F-11D3-BF4B-00C04F79EFBC}") = "TrafficSimulation", "TrafficSimulation\TrafficSimulation.csproj", "{C0E77E0F-6A3C-4F42-B6A0-28C81254AAA9}"
EndProject
Project("{2150E333-8FDC-42A3-9474-1A3956D46DE8}") = "Simulation", "Simulation", "{CD5C9E9C-5E16-4EE1-A147-3A323169FD3F}"
EndProject
Project("{2150E333-8FDC-42A3-9474-1A3956D46DE8}") = "GUI", "GUI", "{9634841A-9236-47E4-8377-09E20659D54F}"
EndProject
Project("{2150E333-8FDC-42A3-9474-1A3956D46DE8}") = "DataAccess", "DataAccess", "{9D20ACFD-85FA-4948-B7ED-692EC32FDB02}"
EndProject
Project("{2150E333-8FDC-42A3-9474-1A3956D46DE8}") = "RuleEngine", "RuleEngine", "{29FBE110-3BBF-4034-B2D1-5C7A2D3FD180}"
EndProject
Project("{FAE04EC0-301F-11D3-BF4B-00C04F79EFBC}") = "DataBridge", "DataBridge\DataBridge.csproj", "{340107C2-A376-454F-8E21-4FFE995A8EBA}"
EndProject
Project("{FAE04EC0-301F-11D3-BF4B-00C04F79EFBC}") = "AgentSim", "AgentSim\AgentSim.csproj", "{1337D396-7F97-46CE-B758-4BD1F5633C51}"
EndProject
Project("{FAE04EC0-301F-11D3-BF4B-00C04F79EFBC}") = "DataBridgeTest", "UnitTestProject1\DataBridgeTest.csproj", "{7B516A7C-E74E-4CD0-ABC3-CB51435ED7B8}"
EndProject
Project("{FAE04EC0-301F-11D3-BF4B-00C04F79EFBC}") = "DataManager", "DataManager\DataManager.csproj", "{881C36AE-1F5F-4688-8C1C-8F2D8E9C1EA9}"
EndProject
Project("{FAE04EC0-301F-11D3-BF4B-00C04F79EFBC}") = "PhysicEngine", "PhysicEngine\PhysicEngine.csproj", "{EB6B7F7C-80BE-4D17-8A81-58FDF3D3E335}"
EndProject
Project("{FAE04EC0-301F-11D3-BF4B-00C04F79EFBC}") = "AgentSpawner", "AgentSpawner\AgentSpawner.csproj", "{F2D71CB8-4198-4FE0-8260-D55F7497351A}"
EndProject
Project("{FAE04EC0-301F-11D3-BF4B-00C04F79EFBC}") = "Watchdog", "Watchdog\Watchdog.csproj", "{9ADD1319-C297-431E-9642-D4F4D6342F8B}"
EndProject
Project("{FAE04EC0-301F-11D3-BF4B-00C04F79EFBC}") = "DataAccessLayer", "DataAccessLayer\DataAccessLayer.csproj", "{AE565A81-DDC1-4AF8-9560-3A34A9CC8D25}"
EndProject
Project("{FAE04EC0-301F-11D3-BF4B-00C04F79EFBC}") = "DataAccessLayerTest", "DataAccessLayerTest\DataAccessLayerTest.csproj", "{5C54F81D-7049-420B-AD9A-F8CD6045F4BC}"
EndProject
Project("{2150E333-8FDC-42A3-9474-1A3956D46DE8}") = "Test", "Test", "{E2BD0923-8CAA-48E4-B6E1-27A9808D6FDC}"
EndProject
Project("{FAE04EC0-301F-11D3-BF4B-00C04F79EFBC}") = "DataManagerTest", "DataManagerTest\DataManagerTest.csproj", "{2E236B55-FD93-4FBB-BF6E-AF7436E7A9EF}"
EndProject
Project("{FAE04EC0-301F-11D3-BF4B-00C04F79EFBC}") = "SimulationUserInterface", "SimulationUserInterface\SimulationUserInterface.csproj", "{EBBC8182-29E8-4E01-8A1C-69E28BEC1310}"
EndProject
Project("{FAE04EC0-301F-11D3-BF4B-00C04F79EFBC}") = "DataModel", "DataModel\DataModel.csproj", "{6F0355C7-E6FA-475A-A4BD-A4A3D2701162}"
EndProject
Project("{FAE04EC0-301F-11D3-BF4B-00C04F79EFBC}") = "maxTest", "maxTest\maxTest.csproj", "{54CFA8C2-829F-4183-BED3-721B425355BE}"
EndProject
Global
	GlobalSection(SolutionConfigurationPlatforms) = preSolution
		Debug|Any CPU = Debug|Any CPU
		Release|Any CPU = Release|Any CPU
	EndGlobalSection
	GlobalSection(ProjectConfigurationPlatforms) = postSolution
		{C0E77E0F-6A3C-4F42-B6A0-28C81254AAA9}.Debug|Any CPU.ActiveCfg = Debug|Any CPU
		{C0E77E0F-6A3C-4F42-B6A0-28C81254AAA9}.Debug|Any CPU.Build.0 = Debug|Any CPU
		{C0E77E0F-6A3C-4F42-B6A0-28C81254AAA9}.Release|Any CPU.ActiveCfg = Release|Any CPU
		{C0E77E0F-6A3C-4F42-B6A0-28C81254AAA9}.Release|Any CPU.Build.0 = Release|Any CPU
		{340107C2-A376-454F-8E21-4FFE995A8EBA}.Debug|Any CPU.ActiveCfg = Debug|Any CPU
		{340107C2-A376-454F-8E21-4FFE995A8EBA}.Debug|Any CPU.Build.0 = Debug|Any CPU
		{340107C2-A376-454F-8E21-4FFE995A8EBA}.Release|Any CPU.ActiveCfg = Release|Any CPU
		{340107C2-A376-454F-8E21-4FFE995A8EBA}.Release|Any CPU.Build.0 = Release|Any CPU
		{1337D396-7F97-46CE-B758-4BD1F5633C51}.Debug|Any CPU.ActiveCfg = Debug|Any CPU
		{1337D396-7F97-46CE-B758-4BD1F5633C51}.Debug|Any CPU.Build.0 = Debug|Any CPU
		{1337D396-7F97-46CE-B758-4BD1F5633C51}.Release|Any CPU.ActiveCfg = Release|Any CPU
		{1337D396-7F97-46CE-B758-4BD1F5633C51}.Release|Any CPU.Build.0 = Release|Any CPU
		{7B516A7C-E74E-4CD0-ABC3-CB51435ED7B8}.Debug|Any CPU.ActiveCfg = Debug|Any CPU
		{7B516A7C-E74E-4CD0-ABC3-CB51435ED7B8}.Debug|Any CPU.Build.0 = Debug|Any CPU
		{7B516A7C-E74E-4CD0-ABC3-CB51435ED7B8}.Release|Any CPU.ActiveCfg = Release|Any CPU
		{7B516A7C-E74E-4CD0-ABC3-CB51435ED7B8}.Release|Any CPU.Build.0 = Release|Any CPU
		{881C36AE-1F5F-4688-8C1C-8F2D8E9C1EA9}.Debug|Any CPU.ActiveCfg = Debug|Any CPU
		{881C36AE-1F5F-4688-8C1C-8F2D8E9C1EA9}.Debug|Any CPU.Build.0 = Debug|Any CPU
		{881C36AE-1F5F-4688-8C1C-8F2D8E9C1EA9}.Release|Any CPU.ActiveCfg = Release|Any CPU
		{881C36AE-1F5F-4688-8C1C-8F2D8E9C1EA9}.Release|Any CPU.Build.0 = Release|Any CPU
		{EB6B7F7C-80BE-4D17-8A81-58FDF3D3E335}.Debug|Any CPU.ActiveCfg = Debug|Any CPU
		{EB6B7F7C-80BE-4D17-8A81-58FDF3D3E335}.Debug|Any CPU.Build.0 = Debug|Any CPU
		{EB6B7F7C-80BE-4D17-8A81-58FDF3D3E335}.Release|Any CPU.ActiveCfg = Release|Any CPU
		{EB6B7F7C-80BE-4D17-8A81-58FDF3D3E335}.Release|Any CPU.Build.0 = Release|Any CPU
		{F2D71CB8-4198-4FE0-8260-D55F7497351A}.Debug|Any CPU.ActiveCfg = Debug|Any CPU
		{F2D71CB8-4198-4FE0-8260-D55F7497351A}.Debug|Any CPU.Build.0 = Debug|Any CPU
		{F2D71CB8-4198-4FE0-8260-D55F7497351A}.Release|Any CPU.ActiveCfg = Release|Any CPU
		{F2D71CB8-4198-4FE0-8260-D55F7497351A}.Release|Any CPU.Build.0 = Release|Any CPU
		{9ADD1319-C297-431E-9642-D4F4D6342F8B}.Debug|Any CPU.ActiveCfg = Debug|Any CPU
		{9ADD1319-C297-431E-9642-D4F4D6342F8B}.Debug|Any CPU.Build.0 = Debug|Any CPU
		{9ADD1319-C297-431E-9642-D4F4D6342F8B}.Release|Any CPU.ActiveCfg = Release|Any CPU
		{9ADD1319-C297-431E-9642-D4F4D6342F8B}.Release|Any CPU.Build.0 = Release|Any CPU
		{AE565A81-DDC1-4AF8-9560-3A34A9CC8D25}.Debug|Any CPU.ActiveCfg = Debug|Any CPU
		{AE565A81-DDC1-4AF8-9560-3A34A9CC8D25}.Debug|Any CPU.Build.0 = Debug|Any CPU
		{AE565A81-DDC1-4AF8-9560-3A34A9CC8D25}.Release|Any CPU.ActiveCfg = Release|Any CPU
		{AE565A81-DDC1-4AF8-9560-3A34A9CC8D25}.Release|Any CPU.Build.0 = Release|Any CPU
		{5C54F81D-7049-420B-AD9A-F8CD6045F4BC}.Debug|Any CPU.ActiveCfg = Debug|Any CPU
		{5C54F81D-7049-420B-AD9A-F8CD6045F4BC}.Debug|Any CPU.Build.0 = Debug|Any CPU
		{5C54F81D-7049-420B-AD9A-F8CD6045F4BC}.Release|Any CPU.ActiveCfg = Release|Any CPU
		{5C54F81D-7049-420B-AD9A-F8CD6045F4BC}.Release|Any CPU.Build.0 = Release|Any CPU
		{2E236B55-FD93-4FBB-BF6E-AF7436E7A9EF}.Debug|Any CPU.ActiveCfg = Debug|Any CPU
		{2E236B55-FD93-4FBB-BF6E-AF7436E7A9EF}.Debug|Any CPU.Build.0 = Debug|Any CPU
		{2E236B55-FD93-4FBB-BF6E-AF7436E7A9EF}.Release|Any CPU.ActiveCfg = Release|Any CPU
		{2E236B55-FD93-4FBB-BF6E-AF7436E7A9EF}.Release|Any CPU.Build.0 = Release|Any CPU
		{EBBC8182-29E8-4E01-8A1C-69E28BEC1310}.Debug|Any CPU.ActiveCfg = Debug|Any CPU
		{EBBC8182-29E8-4E01-8A1C-69E28BEC1310}.Debug|Any CPU.Build.0 = Debug|Any CPU
		{EBBC8182-29E8-4E01-8A1C-69E28BEC1310}.Release|Any CPU.ActiveCfg = Release|Any CPU
		{EBBC8182-29E8-4E01-8A1C-69E28BEC1310}.Release|Any CPU.Build.0 = Release|Any CPU
		{6F0355C7-E6FA-475A-A4BD-A4A3D2701162}.Debug|Any CPU.ActiveCfg = Debug|Any CPU
		{6F0355C7-E6FA-475A-A4BD-A4A3D2701162}.Debug|Any CPU.Build.0 = Debug|Any CPU
		{6F0355C7-E6FA-475A-A4BD-A4A3D2701162}.Release|Any CPU.ActiveCfg = Release|Any CPU
		{6F0355C7-E6FA-475A-A4BD-A4A3D2701162}.Release|Any CPU.Build.0 = Release|Any CPU
		{54CFA8C2-829F-4183-BED3-721B425355BE}.Debug|Any CPU.ActiveCfg = Debug|Any CPU
		{54CFA8C2-829F-4183-BED3-721B425355BE}.Debug|Any CPU.Build.0 = Debug|Any CPU
		{54CFA8C2-829F-4183-BED3-721B425355BE}.Release|Any CPU.ActiveCfg = Release|Any CPU
		{54CFA8C2-829F-4183-BED3-721B425355BE}.Release|Any CPU.Build.0 = Release|Any CPU
	EndGlobalSection
	GlobalSection(SolutionProperties) = preSolution
		HideSolutionNode = FALSE
	EndGlobalSection
	GlobalSection(NestedProjects) = preSolution
		{C0E77E0F-6A3C-4F42-B6A0-28C81254AAA9} = {CD5C9E9C-5E16-4EE1-A147-3A323169FD3F}
		{340107C2-A376-454F-8E21-4FFE995A8EBA} = {9D20ACFD-85FA-4948-B7ED-692EC32FDB02}
		{1337D396-7F97-46CE-B758-4BD1F5633C51} = {CD5C9E9C-5E16-4EE1-A147-3A323169FD3F}
		{7B516A7C-E74E-4CD0-ABC3-CB51435ED7B8} = {9D20ACFD-85FA-4948-B7ED-692EC32FDB02}
		{881C36AE-1F5F-4688-8C1C-8F2D8E9C1EA9} = {CD5C9E9C-5E16-4EE1-A147-3A323169FD3F}
		{EB6B7F7C-80BE-4D17-8A81-58FDF3D3E335} = {CD5C9E9C-5E16-4EE1-A147-3A323169FD3F}
		{F2D71CB8-4198-4FE0-8260-D55F7497351A} = {CD5C9E9C-5E16-4EE1-A147-3A323169FD3F}
		{9ADD1319-C297-431E-9642-D4F4D6342F8B} = {CD5C9E9C-5E16-4EE1-A147-3A323169FD3F}
		{AE565A81-DDC1-4AF8-9560-3A34A9CC8D25} = {9D20ACFD-85FA-4948-B7ED-692EC32FDB02}
		{5C54F81D-7049-420B-AD9A-F8CD6045F4BC} = {9D20ACFD-85FA-4948-B7ED-692EC32FDB02}
		{E2BD0923-8CAA-48E4-B6E1-27A9808D6FDC} = {CD5C9E9C-5E16-4EE1-A147-3A323169FD3F}
		{2E236B55-FD93-4FBB-BF6E-AF7436E7A9EF} = {E2BD0923-8CAA-48E4-B6E1-27A9808D6FDC}
		{EBBC8182-29E8-4E01-8A1C-69E28BEC1310} = {9634841A-9236-47E4-8377-09E20659D54F}
	EndGlobalSection
EndGlobal
